
Microsoft Visual Studio Solution File, Format Version 12.00
# Visual Studio Version 17
VisualStudioVersion = 17.12.35514.174
MinimumVisualStudioVersion = 10.0.40219.1
Project("{54A90642-561A-4BB1-A94E-469ADEE60C69}") = "EDA.Client", "EDA.Client\EDA.Client.esproj", "{BEB92845-3D73-4757-B1FC-6EDEEB391039}"
EndProject
Project("{FAE04EC0-301F-11D3-BF4B-00C04F79EFBC}") = "EDA.Gateway", "EDA.Gateway\EDA.Gateway.csproj", "{664F9F14-9262-483D-9FA8-37F219125567}"
EndProject
Project("{FAE04EC0-301F-11D3-BF4B-00C04F79EFBC}") = "EDA.Shared", "EDA.Shared\EDA.Shared.csproj", "{6B8B63E7-7DA2-449E-BE9A-601A141D1CB7}"
EndProject
Project("{2150E333-8FDC-42A3-9474-1A3956D46DE8}") = "EDA.Services", "EDA.Services", "{DF7ACF20-F27B-474B-9294-0ECA1013D126}"
EndProject
Project("{FAE04EC0-301F-11D3-BF4B-00C04F79EFBC}") = "EDA.Services.Basket", "EDA.Services.Basket\EDA.Services.Basket.csproj", "{D674BB7F-1B5D-43E5-8946-B83AB9FF11DC}"
EndProject
Project("{FAE04EC0-301F-11D3-BF4B-00C04F79EFBC}") = "EDA.Services.Order", "EDA.Services.Order\EDA.Services.Order.csproj", "{9E330185-E749-4CEF-B0BB-C19496014A43}"
EndProject
Project("{FAE04EC0-301F-11D3-BF4B-00C04F79EFBC}") = "EDA.Services.Сatalog", "EDA.Services.Сatalog\EDA.Services.Сatalog.csproj", "{E4E4743E-B218-494F-9808-55DC00EC5BB6}"
EndProject
Project("{FAE04EC0-301F-11D3-BF4B-00C04F79EFBC}") = "EDA.Services.User", "EDA.Services.User\EDA.Services.User.csproj", "{0623C0F7-7892-4FAF-9564-577E718C6FC9}"
EndProject
Global
	GlobalSection(SolutionConfigurationPlatforms) = preSolution
		Debug|Any CPU = Debug|Any CPU
		Debug|ARM32 = Debug|ARM32
		Debug|ARM64 = Debug|ARM64
		Debug|x86 = Debug|x86
		Release|Any CPU = Release|Any CPU
		Release|ARM32 = Release|ARM32
		Release|ARM64 = Release|ARM64
		Release|x86 = Release|x86
	EndGlobalSection
	GlobalSection(ProjectConfigurationPlatforms) = postSolution
		{BEB92845-3D73-4757-B1FC-6EDEEB391039}.Debug|Any CPU.ActiveCfg = Debug|Any CPU
		{BEB92845-3D73-4757-B1FC-6EDEEB391039}.Debug|Any CPU.Build.0 = Debug|Any CPU
		{BEB92845-3D73-4757-B1FC-6EDEEB391039}.Debug|Any CPU.Deploy.0 = Debug|Any CPU
		{BEB92845-3D73-4757-B1FC-6EDEEB391039}.Debug|ARM32.ActiveCfg = Debug|Any CPU
		{BEB92845-3D73-4757-B1FC-6EDEEB391039}.Debug|ARM32.Build.0 = Debug|Any CPU
		{BEB92845-3D73-4757-B1FC-6EDEEB391039}.Debug|ARM32.Deploy.0 = Debug|Any CPU
		{BEB92845-3D73-4757-B1FC-6EDEEB391039}.Debug|ARM64.ActiveCfg = Debug|Any CPU
		{BEB92845-3D73-4757-B1FC-6EDEEB391039}.Debug|ARM64.Build.0 = Debug|Any CPU
		{BEB92845-3D73-4757-B1FC-6EDEEB391039}.Debug|ARM64.Deploy.0 = Debug|Any CPU
		{BEB92845-3D73-4757-B1FC-6EDEEB391039}.Debug|x86.ActiveCfg = Debug|Any CPU
		{BEB92845-3D73-4757-B1FC-6EDEEB391039}.Debug|x86.Build.0 = Debug|Any CPU
		{BEB92845-3D73-4757-B1FC-6EDEEB391039}.Debug|x86.Deploy.0 = Debug|Any CPU
		{BEB92845-3D73-4757-B1FC-6EDEEB391039}.Release|Any CPU.ActiveCfg = Release|Any CPU
		{BEB92845-3D73-4757-B1FC-6EDEEB391039}.Release|Any CPU.Build.0 = Release|Any CPU
		{BEB92845-3D73-4757-B1FC-6EDEEB391039}.Release|Any CPU.Deploy.0 = Release|Any CPU
		{BEB92845-3D73-4757-B1FC-6EDEEB391039}.Release|ARM32.ActiveCfg = Release|Any CPU
		{BEB92845-3D73-4757-B1FC-6EDEEB391039}.Release|ARM32.Build.0 = Release|Any CPU
		{BEB92845-3D73-4757-B1FC-6EDEEB391039}.Release|ARM32.Deploy.0 = Release|Any CPU
		{BEB92845-3D73-4757-B1FC-6EDEEB391039}.Release|ARM64.ActiveCfg = Release|Any CPU
		{BEB92845-3D73-4757-B1FC-6EDEEB391039}.Release|ARM64.Build.0 = Release|Any CPU
		{BEB92845-3D73-4757-B1FC-6EDEEB391039}.Release|ARM64.Deploy.0 = Release|Any CPU
		{BEB92845-3D73-4757-B1FC-6EDEEB391039}.Release|x86.ActiveCfg = Release|Any CPU
		{BEB92845-3D73-4757-B1FC-6EDEEB391039}.Release|x86.Build.0 = Release|Any CPU
		{BEB92845-3D73-4757-B1FC-6EDEEB391039}.Release|x86.Deploy.0 = Release|Any CPU
		{664F9F14-9262-483D-9FA8-37F219125567}.Debug|Any CPU.ActiveCfg = Debug|Any CPU
		{664F9F14-9262-483D-9FA8-37F219125567}.Debug|Any CPU.Build.0 = Debug|Any CPU
		{664F9F14-9262-483D-9FA8-37F219125567}.Debug|ARM32.ActiveCfg = Debug|ARM32
		{664F9F14-9262-483D-9FA8-37F219125567}.Debug|ARM32.Build.0 = Debug|ARM32
		{664F9F14-9262-483D-9FA8-37F219125567}.Debug|ARM64.ActiveCfg = Debug|ARM64
		{664F9F14-9262-483D-9FA8-37F219125567}.Debug|ARM64.Build.0 = Debug|ARM64
		{664F9F14-9262-483D-9FA8-37F219125567}.Debug|x86.ActiveCfg = Debug|x86
		{664F9F14-9262-483D-9FA8-37F219125567}.Debug|x86.Build.0 = Debug|x86
		{664F9F14-9262-483D-9FA8-37F219125567}.Release|Any CPU.ActiveCfg = Release|Any CPU
		{664F9F14-9262-483D-9FA8-37F219125567}.Release|Any CPU.Build.0 = Release|Any CPU
		{664F9F14-9262-483D-9FA8-37F219125567}.Release|ARM32.ActiveCfg = Release|ARM32
		{664F9F14-9262-483D-9FA8-37F219125567}.Release|ARM32.Build.0 = Release|ARM32
		{664F9F14-9262-483D-9FA8-37F219125567}.Release|ARM64.ActiveCfg = Release|Any CPU
		{664F9F14-9262-483D-9FA8-37F219125567}.Release|ARM64.Build.0 = Release|Any CPU
		{664F9F14-9262-483D-9FA8-37F219125567}.Release|x86.ActiveCfg = Release|x86
		{664F9F14-9262-483D-9FA8-37F219125567}.Release|x86.Build.0 = Release|x86
		{6B8B63E7-7DA2-449E-BE9A-601A141D1CB7}.Debug|Any CPU.ActiveCfg = Debug|Any CPU
		{6B8B63E7-7DA2-449E-BE9A-601A141D1CB7}.Debug|Any CPU.Build.0 = Debug|Any CPU
		{6B8B63E7-7DA2-449E-BE9A-601A141D1CB7}.Debug|ARM32.ActiveCfg = Debug|Any CPU
		{6B8B63E7-7DA2-449E-BE9A-601A141D1CB7}.Debug|ARM32.Build.0 = Debug|Any CPU
		{6B8B63E7-7DA2-449E-BE9A-601A141D1CB7}.Debug|ARM64.ActiveCfg = Debug|Any CPU
		{6B8B63E7-7DA2-449E-BE9A-601A141D1CB7}.Debug|ARM64.Build.0 = Debug|Any CPU
		{6B8B63E7-7DA2-449E-BE9A-601A141D1CB7}.Debug|x86.ActiveCfg = Debug|Any CPU
		{6B8B63E7-7DA2-449E-BE9A-601A141D1CB7}.Debug|x86.Build.0 = Debug|Any CPU
		{6B8B63E7-7DA2-449E-BE9A-601A141D1CB7}.Release|Any CPU.ActiveCfg = Release|Any CPU
		{6B8B63E7-7DA2-449E-BE9A-601A141D1CB7}.Release|Any CPU.Build.0 = Release|Any CPU
		{6B8B63E7-7DA2-449E-BE9A-601A141D1CB7}.Release|ARM32.ActiveCfg = Release|Any CPU
		{6B8B63E7-7DA2-449E-BE9A-601A141D1CB7}.Release|ARM32.Build.0 = Release|Any CPU
		{6B8B63E7-7DA2-449E-BE9A-601A141D1CB7}.Release|ARM64.ActiveCfg = Release|Any CPU
		{6B8B63E7-7DA2-449E-BE9A-601A141D1CB7}.Release|ARM64.Build.0 = Release|Any CPU
		{6B8B63E7-7DA2-449E-BE9A-601A141D1CB7}.Release|x86.ActiveCfg = Release|Any CPU
		{6B8B63E7-7DA2-449E-BE9A-601A141D1CB7}.Release|x86.Build.0 = Release|Any CPU
		{D674BB7F-1B5D-43E5-8946-B83AB9FF11DC}.Debug|Any CPU.ActiveCfg = Debug|Any CPU
		{D674BB7F-1B5D-43E5-8946-B83AB9FF11DC}.Debug|Any CPU.Build.0 = Debug|Any CPU
		{D674BB7F-1B5D-43E5-8946-B83AB9FF11DC}.Debug|ARM32.ActiveCfg = Debug|Any CPU
		{D674BB7F-1B5D-43E5-8946-B83AB9FF11DC}.Debug|ARM32.Build.0 = Debug|Any CPU
		{D674BB7F-1B5D-43E5-8946-B83AB9FF11DC}.Debug|ARM64.ActiveCfg = Debug|Any CPU
		{D674BB7F-1B5D-43E5-8946-B83AB9FF11DC}.Debug|ARM64.Build.0 = Debug|Any CPU
		{D674BB7F-1B5D-43E5-8946-B83AB9FF11DC}.Debug|x86.ActiveCfg = Debug|Any CPU
		{D674BB7F-1B5D-43E5-8946-B83AB9FF11DC}.Debug|x86.Build.0 = Debug|Any CPU
		{D674BB7F-1B5D-43E5-8946-B83AB9FF11DC}.Release|Any CPU.ActiveCfg = Release|Any CPU
		{D674BB7F-1B5D-43E5-8946-B83AB9FF11DC}.Release|Any CPU.Build.0 = Release|Any CPU
		{D674BB7F-1B5D-43E5-8946-B83AB9FF11DC}.Release|ARM32.ActiveCfg = Release|Any CPU
		{D674BB7F-1B5D-43E5-8946-B83AB9FF11DC}.Release|ARM32.Build.0 = Release|Any CPU
		{D674BB7F-1B5D-43E5-8946-B83AB9FF11DC}.Release|ARM64.ActiveCfg = Release|Any CPU
		{D674BB7F-1B5D-43E5-8946-B83AB9FF11DC}.Release|ARM64.Build.0 = Release|Any CPU
		{D674BB7F-1B5D-43E5-8946-B83AB9FF11DC}.Release|x86.ActiveCfg = Release|Any CPU
		{D674BB7F-1B5D-43E5-8946-B83AB9FF11DC}.Release|x86.Build.0 = Release|Any CPU
		{9E330185-E749-4CEF-B0BB-C19496014A43}.Debug|Any CPU.ActiveCfg = Debug|Any CPU
		{9E330185-E749-4CEF-B0BB-C19496014A43}.Debug|Any CPU.Build.0 = Debug|Any CPU
		{9E330185-E749-4CEF-B0BB-C19496014A43}.Debug|ARM32.ActiveCfg = Debug|Any CPU
		{9E330185-E749-4CEF-B0BB-C19496014A43}.Debug|ARM32.Build.0 = Debug|Any CPU
		{9E330185-E749-4CEF-B0BB-C19496014A43}.Debug|ARM64.ActiveCfg = Debug|Any CPU
		{9E330185-E749-4CEF-B0BB-C19496014A43}.Debug|ARM64.Build.0 = Debug|Any CPU
		{9E330185-E749-4CEF-B0BB-C19496014A43}.Debug|x86.ActiveCfg = Debug|Any CPU
		{9E330185-E749-4CEF-B0BB-C19496014A43}.Debug|x86.Build.0 = Debug|Any CPU
		{9E330185-E749-4CEF-B0BB-C19496014A43}.Release|Any CPU.ActiveCfg = Release|Any CPU
		{9E330185-E749-4CEF-B0BB-C19496014A43}.Release|Any CPU.Build.0 = Release|Any CPU
		{9E330185-E749-4CEF-B0BB-C19496014A43}.Release|ARM32.ActiveCfg = Release|Any CPU
		{9E330185-E749-4CEF-B0BB-C19496014A43}.Release|ARM32.Build.0 = Release|Any CPU
		{9E330185-E749-4CEF-B0BB-C19496014A43}.Release|ARM64.ActiveCfg = Release|Any CPU
		{9E330185-E749-4CEF-B0BB-C19496014A43}.Release|ARM64.Build.0 = Release|Any CPU
		{9E330185-E749-4CEF-B0BB-C19496014A43}.Release|x86.ActiveCfg = Release|Any CPU
		{9E330185-E749-4CEF-B0BB-C19496014A43}.Release|x86.Build.0 = Release|Any CPU
		{E4E4743E-B218-494F-9808-55DC00EC5BB6}.Debug|Any CPU.ActiveCfg = Debug|Any CPU
		{E4E4743E-B218-494F-9808-55DC00EC5BB6}.Debug|Any CPU.Build.0 = Debug|Any CPU
		{E4E4743E-B218-494F-9808-55DC00EC5BB6}.Debug|ARM32.ActiveCfg = Debug|Any CPU
		{E4E4743E-B218-494F-9808-55DC00EC5BB6}.Debug|ARM32.Build.0 = Debug|Any CPU
		{E4E4743E-B218-494F-9808-55DC00EC5BB6}.Debug|ARM64.ActiveCfg = Debug|Any CPU
		{E4E4743E-B218-494F-9808-55DC00EC5BB6}.Debug|ARM64.Build.0 = Debug|Any CPU
		{E4E4743E-B218-494F-9808-55DC00EC5BB6}.Debug|x86.ActiveCfg = Debug|Any CPU
		{E4E4743E-B218-494F-9808-55DC00EC5BB6}.Debug|x86.Build.0 = Debug|Any CPU
		{E4E4743E-B218-494F-9808-55DC00EC5BB6}.Release|Any CPU.ActiveCfg = Release|Any CPU
		{E4E4743E-B218-494F-9808-55DC00EC5BB6}.Release|Any CPU.Build.0 = Release|Any CPU
		{E4E4743E-B218-494F-9808-55DC00EC5BB6}.Release|ARM32.ActiveCfg = Release|Any CPU
		{E4E4743E-B218-494F-9808-55DC00EC5BB6}.Release|ARM32.Build.0 = Release|Any CPU
		{E4E4743E-B218-494F-9808-55DC00EC5BB6}.Release|ARM64.ActiveCfg = Release|Any CPU
		{E4E4743E-B218-494F-9808-55DC00EC5BB6}.Release|ARM64.Build.0 = Release|Any CPU
		{E4E4743E-B218-494F-9808-55DC00EC5BB6}.Release|x86.ActiveCfg = Release|Any CPU
		{E4E4743E-B218-494F-9808-55DC00EC5BB6}.Release|x86.Build.0 = Release|Any CPU
		{0623C0F7-7892-4FAF-9564-577E718C6FC9}.Debug|Any CPU.ActiveCfg = Debug|Any CPU
		{0623C0F7-7892-4FAF-9564-577E718C6FC9}.Debug|Any CPU.Build.0 = Debug|Any CPU
		{0623C0F7-7892-4FAF-9564-577E718C6FC9}.Debug|ARM32.ActiveCfg = Debug|Any CPU
		{0623C0F7-7892-4FAF-9564-577E718C6FC9}.Debug|ARM32.Build.0 = Debug|Any CPU
		{0623C0F7-7892-4FAF-9564-577E718C6FC9}.Debug|ARM64.ActiveCfg = Debug|Any CPU
		{0623C0F7-7892-4FAF-9564-577E718C6FC9}.Debug|ARM64.Build.0 = Debug|Any CPU
		{0623C0F7-7892-4FAF-9564-577E718C6FC9}.Debug|x86.ActiveCfg = Debug|Any CPU
		{0623C0F7-7892-4FAF-9564-577E718C6FC9}.Debug|x86.Build.0 = Debug|Any CPU
		{0623C0F7-7892-4FAF-9564-577E718C6FC9}.Release|Any CPU.ActiveCfg = Release|Any CPU
		{0623C0F7-7892-4FAF-9564-577E718C6FC9}.Release|Any CPU.Build.0 = Release|Any CPU
		{0623C0F7-7892-4FAF-9564-577E718C6FC9}.Release|ARM32.ActiveCfg = Release|Any CPU
		{0623C0F7-7892-4FAF-9564-577E718C6FC9}.Release|ARM32.Build.0 = Release|Any CPU
		{0623C0F7-7892-4FAF-9564-577E718C6FC9}.Release|ARM64.ActiveCfg = Release|Any CPU
		{0623C0F7-7892-4FAF-9564-577E718C6FC9}.Release|ARM64.Build.0 = Release|Any CPU
		{0623C0F7-7892-4FAF-9564-577E718C6FC9}.Release|x86.ActiveCfg = Release|Any CPU
		{0623C0F7-7892-4FAF-9564-577E718C6FC9}.Release|x86.Build.0 = Release|Any CPU
	EndGlobalSection
	GlobalSection(SolutionProperties) = preSolution
		HideSolutionNode = FALSE
	EndGlobalSection
	GlobalSection(NestedProjects) = preSolution
		{D674BB7F-1B5D-43E5-8946-B83AB9FF11DC} = {DF7ACF20-F27B-474B-9294-0ECA1013D126}
		{9E330185-E749-4CEF-B0BB-C19496014A43} = {DF7ACF20-F27B-474B-9294-0ECA1013D126}
		{E4E4743E-B218-494F-9808-55DC00EC5BB6} = {DF7ACF20-F27B-474B-9294-0ECA1013D126}
		{0623C0F7-7892-4FAF-9564-577E718C6FC9} = {DF7ACF20-F27B-474B-9294-0ECA1013D126}
	EndGlobalSection
EndGlobal
